// !$*UTF8*$!
{
	archiveVersion = 1;
	classes = {
	};
	objectVersion = 46;
	objects = {

/* Begin PBXBuildFile section */
		18F494D41C641A0800F42A9D /* AppDelegate.swift in Sources */ = {isa = PBXBuildFile; fileRef = 18F494D31C641A0800F42A9D /* AppDelegate.swift */; };
		18F494D61C641A0800F42A9D /* ViewController.swift in Sources */ = {isa = PBXBuildFile; fileRef = 18F494D51C641A0800F42A9D /* ViewController.swift */; };
		18F494D91C641A0800F42A9D /* Main.storyboard in Resources */ = {isa = PBXBuildFile; fileRef = 18F494D71C641A0800F42A9D /* Main.storyboard */; };
		18F494DB1C641A0800F42A9D /* Assets.xcassets in Resources */ = {isa = PBXBuildFile; fileRef = 18F494DA1C641A0800F42A9D /* Assets.xcassets */; };
		18F494DE1C641A0800F42A9D /* LaunchScreen.storyboard in Resources */ = {isa = PBXBuildFile; fileRef = 18F494DC1C641A0800F42A9D /* LaunchScreen.storyboard */; };
		18F494E91C641A0900F42A9D /* Scavenger_HuntTests.swift in Sources */ = {isa = PBXBuildFile; fileRef = 18F494E81C641A0900F42A9D /* Scavenger_HuntTests.swift */; };
		18F494F41C641A0900F42A9D /* Scavenger_HuntUITests.swift in Sources */ = {isa = PBXBuildFile; fileRef = 18F494F31C641A0900F42A9D /* Scavenger_HuntUITests.swift */; };
/* End PBXBuildFile section */

/* Begin PBXContainerItemProxy section */
		18F494E51C641A0800F42A9D /* PBXContainerItemProxy */ = {
			isa = PBXContainerItemProxy;
			containerPortal = 18F494C81C641A0800F42A9D /* Project object */;
			proxyType = 1;
			remoteGlobalIDString = 18F494CF1C641A0800F42A9D;
			remoteInfo = "Scavenger Hunt";
		};
		18F494F01C641A0900F42A9D /* PBXContainerItemProxy */ = {
			isa = PBXContainerItemProxy;
			containerPortal = 18F494C81C641A0800F42A9D /* Project object */;
			proxyType = 1;
			remoteGlobalIDString = 18F494CF1C641A0800F42A9D;
			remoteInfo = "Scavenger Hunt";
		};
/* End PBXContainerItemProxy section */

/* Begin PBXFileReference section */
		18F494D01C641A0800F42A9D /* Scavenger Hunt.app */ = {isa = PBXFileReference; explicitFileType = wrapper.application; includeInIndex = 0; path = "Scavenger Hunt.app"; sourceTree = BUILT_PRODUCTS_DIR; };
		18F494D31C641A0800F42A9D /* AppDelegate.swift */ = {isa = PBXFileReference; lastKnownFileType = sourcecode.swift; path = AppDelegate.swift; sourceTree = "<group>"; };
		18F494D51C641A0800F42A9D /* ViewController.swift */ = {isa = PBXFileReference; lastKnownFileType = sourcecode.swift; path = ViewController.swift; sourceTree = "<group>"; };
		18F494D81C641A0800F42A9D /* Base */ = {isa = PBXFileReference; lastKnownFileType = file.storyboard; name = Base; path = Base.lproj/Main.storyboard; sourceTree = "<group>"; };
		18F494DA1C641A0800F42A9D /* Assets.xcassets */ = {isa = PBXFileReference; lastKnownFileType = folder.assetcatalog; path = Assets.xcassets; sourceTree = "<group>"; };
		18F494DD1C641A0800F42A9D /* Base */ = {isa = PBXFileReference; lastKnownFileType = file.storyboard; name = Base; path = Base.lproj/LaunchScreen.storyboard; sourceTree = "<group>"; };
		18F494DF1C641A0800F42A9D /* Info.plist */ = {isa = PBXFileReference; lastKnownFileType = text.plist.xml; path = Info.plist; sourceTree = "<group>"; };
		18F494E41C641A0800F42A9D /* Scavenger HuntTests.xctest */ = {isa = PBXFileReference; explicitFileType = wrapper.cfbundle; includeInIndex = 0; path = "Scavenger HuntTests.xctest"; sourceTree = BUILT_PRODUCTS_DIR; };
		18F494E81C641A0900F42A9D /* Scavenger_HuntTests.swift */ = {isa = PBXFileReference; lastKnownFileType = sourcecode.swift; path = Scavenger_HuntTests.swift; sourceTree = "<group>"; };
		18F494EA1C641A0900F42A9D /* Info.plist */ = {isa = PBXFileReference; lastKnownFileType = text.plist.xml; path = Info.plist; sourceTree = "<group>"; };
		18F494EF1C641A0900F42A9D /* Scavenger HuntUITests.xctest */ = {isa = PBXFileReference; explicitFileType = wrapper.cfbundle; includeInIndex = 0; path = "Scavenger HuntUITests.xctest"; sourceTree = BUILT_PRODUCTS_DIR; };
		18F494F31C641A0900F42A9D /* Scavenger_HuntUITests.swift */ = {isa = PBXFileReference; lastKnownFileType = sourcecode.swift; path = Scavenger_HuntUITests.swift; sourceTree = "<group>"; };
		18F494F51C641A0900F42A9D /* Info.plist */ = {isa = PBXFileReference; lastKnownFileType = text.plist.xml; path = Info.plist; sourceTree = "<group>"; };
/* End PBXFileReference section */

/* Begin PBXFrameworksBuildPhase section */
		18F494CD1C641A0800F42A9D /* Frameworks */ = {
			isa = PBXFrameworksBuildPhase;
			buildActionMask = 2147483647;
			files = (
			);
			runOnlyForDeploymentPostprocessing = 0;
		};
		18F494E11C641A0800F42A9D /* Frameworks */ = {
			isa = PBXFrameworksBuildPhase;
			buildActionMask = 2147483647;
			files = (
			);
			runOnlyForDeploymentPostprocessing = 0;
		};
		18F494EC1C641A0900F42A9D /* Frameworks */ = {
			isa = PBXFrameworksBuildPhase;
			buildActionMask = 2147483647;
			files = (
			);
			runOnlyForDeploymentPostprocessing = 0;
		};
/* End PBXFrameworksBuildPhase section */

/* Begin PBXGroup section */
		18F494C71C641A0800F42A9D = {
			isa = PBXGroup;
			children = (
				18F494D21C641A0800F42A9D /* Scavenger Hunt */,
				18F494E71C641A0800F42A9D /* Scavenger HuntTests */,
				18F494F21C641A0900F42A9D /* Scavenger HuntUITests */,
				18F494D11C641A0800F42A9D /* Products */,
			);
			sourceTree = "<group>";
		};
		18F494D11C641A0800F42A9D /* Products */ = {
			isa = PBXGroup;
			children = (
				18F494D01C641A0800F42A9D /* Scavenger Hunt.app */,
				18F494E41C641A0800F42A9D /* Scavenger HuntTests.xctest */,
				18F494EF1C641A0900F42A9D /* Scavenger HuntUITests.xctest */,
			);
			name = Products;
			sourceTree = "<group>";
		};
		18F494D21C641A0800F42A9D /* Scavenger Hunt */ = {
			isa = PBXGroup;
			children = (
				18F494D31C641A0800F42A9D /* AppDelegate.swift */,
				18F494D51C641A0800F42A9D /* ViewController.swift */,
				18F494D71C641A0800F42A9D /* Main.storyboard */,
				18F494DA1C641A0800F42A9D /* Assets.xcassets */,
				18F494DC1C641A0800F42A9D /* LaunchScreen.storyboard */,
				18F494DF1C641A0800F42A9D /* Info.plist */,
			);
			path = "Scavenger Hunt";
			sourceTree = "<group>";
		};
		18F494E71C641A0800F42A9D /* Scavenger HuntTests */ = {
			isa = PBXGroup;
			children = (
				18F494E81C641A0900F42A9D /* Scavenger_HuntTests.swift */,
				18F494EA1C641A0900F42A9D /* Info.plist */,
			);
			path = "Scavenger HuntTests";
			sourceTree = "<group>";
		};
		18F494F21C641A0900F42A9D /* Scavenger HuntUITests */ = {
			isa = PBXGroup;
			children = (
				18F494F31C641A0900F42A9D /* Scavenger_HuntUITests.swift */,
				18F494F51C641A0900F42A9D /* Info.plist */,
			);
			path = "Scavenger HuntUITests";
			sourceTree = "<group>";
		};
/* End PBXGroup section */

/* Begin PBXNativeTarget section */
		18F494CF1C641A0800F42A9D /* Scavenger Hunt */ = {
			isa = PBXNativeTarget;
			buildConfigurationList = 18F494F81C641A0900F42A9D /* Build configuration list for PBXNativeTarget "Scavenger Hunt" */;
			buildPhases = (
				18F494CC1C641A0800F42A9D /* Sources */,
				18F494CD1C641A0800F42A9D /* Frameworks */,
				18F494CE1C641A0800F42A9D /* Resources */,
			);
			buildRules = (
			);
			dependencies = (
			);
			name = "Scavenger Hunt";
			productName = "Scavenger Hunt";
			productReference = 18F494D01C641A0800F42A9D /* Scavenger Hunt.app */;
			productType = "com.apple.product-type.application";
		};
		18F494E31C641A0800F42A9D /* Scavenger HuntTests */ = {
			isa = PBXNativeTarget;
			buildConfigurationList = 18F494FB1C641A0900F42A9D /* Build configuration list for PBXNativeTarget "Scavenger HuntTests" */;
			buildPhases = (
				18F494E01C641A0800F42A9D /* Sources */,
				18F494E11C641A0800F42A9D /* Frameworks */,
				18F494E21C641A0800F42A9D /* Resources */,
			);
			buildRules = (
			);
			dependencies = (
				18F494E61C641A0800F42A9D /* PBXTargetDependency */,
			);
			name = "Scavenger HuntTests";
			productName = "Scavenger HuntTests";
			productReference = 18F494E41C641A0800F42A9D /* Scavenger HuntTests.xctest */;
			productType = "com.apple.product-type.bundle.unit-test";
		};
		18F494EE1C641A0900F42A9D /* Scavenger HuntUITests */ = {
			isa = PBXNativeTarget;
			buildConfigurationList = 18F494FE1C641A0900F42A9D /* Build configuration list for PBXNativeTarget "Scavenger HuntUITests" */;
			buildPhases = (
				18F494EB1C641A0900F42A9D /* Sources */,
				18F494EC1C641A0900F42A9D /* Frameworks */,
				18F494ED1C641A0900F42A9D /* Resources */,
			);
			buildRules = (
			);
			dependencies = (
				18F494F11C641A0900F42A9D /* PBXTargetDependency */,
			);
			name = "Scavenger HuntUITests";
			productName = "Scavenger HuntUITests";
			productReference = 18F494EF1C641A0900F42A9D /* Scavenger HuntUITests.xctest */;
			productType = "com.apple.product-type.bundle.ui-testing";
		};
/* End PBXNativeTarget section */

/* Begin PBXProject section */
		18F494C81C641A0800F42A9D /* Project object */ = {
			isa = PBXProject;
			attributes = {
				LastSwiftUpdateCheck = 0720;
				LastUpgradeCheck = 0720;
				ORGANIZATIONNAME = "Chandler Pergakis";
				TargetAttributes = {
					18F494CF1C641A0800F42A9D = {
						CreatedOnToolsVersion = 7.2;
					};
					18F494E31C641A0800F42A9D = {
						CreatedOnToolsVersion = 7.2;
						TestTargetID = 18F494CF1C641A0800F42A9D;
					};
					18F494EE1C641A0900F42A9D = {
						CreatedOnToolsVersion = 7.2;
						TestTargetID = 18F494CF1C641A0800F42A9D;
					};
				};
			};
			buildConfigurationList = 18F494CB1C641A0800F42A9D /* Build configuration list for PBXProject "Scavenger Hunt" */;
			compatibilityVersion = "Xcode 3.2";
			developmentRegion = English;
			hasScannedForEncodings = 0;
			knownRegions = (
				en,
				Base,
			);
			mainGroup = 18F494C71C641A0800F42A9D;
			productRefGroup = 18F494D11C641A0800F42A9D /* Products */;
			projectDirPath = "";
			projectRoot = "";
			targets = (
				18F494CF1C641A0800F42A9D /* Scavenger Hunt */,
				18F494E31C641A0800F42A9D /* Scavenger HuntTests */,
				18F494EE1C641A0900F42A9D /* Scavenger HuntUITests */,
			);
		};
/* End PBXProject section */

/* Begin PBXResourcesBuildPhase section */
		18F494CE1C641A0800F42A9D /* Resources */ = {
			isa = PBXResourcesBuildPhase;
			buildActionMask = 2147483647;
			files = (
				18F494DE1C641A0800F42A9D /* LaunchScreen.storyboard in Resources */,
				18F494DB1C641A0800F42A9D /* Assets.xcassets in Resources */,
				18F494D91C641A0800F42A9D /* Main.storyboard in Resources */,
			);
			runOnlyForDeploymentPostprocessing = 0;
		};
		18F494E21C641A0800F42A9D /* Resources */ = {
			isa = PBXResourcesBuildPhase;
			buildActionMask = 2147483647;
			files = (
			);
			runOnlyForDeploymentPostprocessing = 0;
		};
		18F494ED1C641A0900F42A9D /* Resources */ = {
			isa = PBXResourcesBuildPhase;
			buildActionMask = 2147483647;
			files = (
			);
			runOnlyForDeploymentPostprocessing = 0;
		};
/* End PBXResourcesBuildPhase section */

/* Begin PBXSourcesBuildPhase section */
		18F494CC1C641A0800F42A9D /* Sources */ = {
			isa = PBXSourcesBuildPhase;
			buildActionMask = 2147483647;
			files = (
				18F494D61C641A0800F42A9D /* ViewController.swift in Sources */,
				18F494D41C641A0800F42A9D /* AppDelegate.swift in Sources */,
			);
			runOnlyForDeploymentPostprocessing = 0;
		};
		18F494E01C641A0800F42A9D /* Sources */ = {
			isa = PBXSourcesBuildPhase;
			buildActionMask = 2147483647;
			files = (
				18F494E91C641A0900F42A9D /* Scavenger_HuntTests.swift in Sources */,
			);
			runOnlyForDeploymentPostprocessing = 0;
		};
		18F494EB1C641A0900F42A9D /* Sources */ = {
			isa = PBXSourcesBuildPhase;
			buildActionMask = 2147483647;
			files = (
				18F494F41C641A0900F42A9D /* Scavenger_HuntUITests.swift in Sources */,
			);
			runOnlyForDeploymentPostprocessing = 0;
		};
/* End PBXSourcesBuildPhase section */

/* Begin PBXTargetDependency section */
		18F494E61C641A0800F42A9D /* PBXTargetDependency */ = {
			isa = PBXTargetDependency;
			target = 18F494CF1C641A0800F42A9D /* Scavenger Hunt */;
			targetProxy = 18F494E51C641A0800F42A9D /* PBXContainerItemProxy */;
		};
		18F494F11C641A0900F42A9D /* PBXTargetDependency */ = {
			isa = PBXTargetDependency;
			target = 18F494CF1C641A0800F42A9D /* Scavenger Hunt */;
			targetProxy = 18F494F01C641A0900F42A9D /* PBXContainerItemProxy */;
		};
/* End PBXTargetDependency section */

/* Begin PBXVariantGroup section */
		18F494D71C641A0800F42A9D /* Main.storyboard */ = {
			isa = PBXVariantGroup;
			children = (
				18F494D81C641A0800F42A9D /* Base */,
			);
			name = Main.storyboard;
			sourceTree = "<group>";
		};
		18F494DC1C641A0800F42A9D /* LaunchScreen.storyboard */ = {
			isa = PBXVariantGroup;
			children = (
				18F494DD1C641A0800F42A9D /* Base */,
			);
			name = LaunchScreen.storyboard;
			sourceTree = "<group>";
		};
/* End PBXVariantGroup section */

/* Begin XCBuildConfiguration section */
		18F494F61C641A0900F42A9D /* Debug */ = {
			isa = XCBuildConfiguration;
			buildSettings = {
				ALWAYS_SEARCH_USER_PATHS = NO;
				CLANG_CXX_LANGUAGE_STANDARD = "gnu++0x";
				CLANG_CXX_LIBRARY = "libc++";
				CLANG_ENABLE_MODULES = YES;
				CLANG_ENABLE_OBJC_ARC = YES;
				CLANG_WARN_BOOL_CONVERSION = YES;
				CLANG_WARN_CONSTANT_CONVERSION = YES;
				CLANG_WARN_DIRECT_OBJC_ISA_USAGE = YES_ERROR;
				CLANG_WARN_EMPTY_BODY = YES;
				CLANG_WARN_ENUM_CONVERSION = YES;
				CLANG_WARN_INT_CONVERSION = YES;
				CLANG_WARN_OBJC_ROOT_CLASS = YES_ERROR;
				CLANG_WARN_UNREACHABLE_CODE = YES;
				CLANG_WARN__DUPLICATE_METHOD_MATCH = YES;
				"CODE_SIGN_IDENTITY[sdk=iphoneos*]" = "iPhone Developer";
				COPY_PHASE_STRIP = NO;
				DEBUG_INFORMATION_FORMAT = dwarf;
				ENABLE_STRICT_OBJC_MSGSEND = YES;
				ENABLE_TESTABILITY = YES;
				GCC_C_LANGUAGE_STANDARD = gnu99;
				GCC_DYNAMIC_NO_PIC = NO;
				GCC_NO_COMMON_BLOCKS = YES;
				GCC_OPTIMIZATION_LEVEL = 0;
				GCC_PREPROCESSOR_DEFINITIONS = (
					"DEBUG=1",
					"$(inherited)",
				);
				GCC_WARN_64_TO_32_BIT_CONVERSION = YES;
				GCC_WARN_ABOUT_RETURN_TYPE = YES_ERROR;
				GCC_WARN_UNDECLARED_SELECTOR = YES;
				GCC_WARN_UNINITIALIZED_AUTOS = YES_AGGRESSIVE;
				GCC_WARN_UNUSED_FUNCTION = YES;
				GCC_WARN_UNUSED_VARIABLE = YES;
				IPHONEOS_DEPLOYMENT_TARGET = 9.2;
				MTL_ENABLE_DEBUG_INFO = YES;
				ONLY_ACTIVE_ARCH = YES;
				SDKROOT = iphoneos;
				SWIFT_OPTIMIZATION_LEVEL = "-Onone";
				TARGETED_DEVICE_FAMILY = "1,2";
			};
			name = Debug;
		};
		18F494F71C641A0900F42A9D /* Release */ = {
			isa = XCBuildConfiguration;
			buildSettings = {
				ALWAYS_SEARCH_USER_PATHS = NO;
				CLANG_CXX_LANGUAGE_STANDARD = "gnu++0x";
				CLANG_CXX_LIBRARY = "libc++";
				CLANG_ENABLE_MODULES = YES;
				CLANG_ENABLE_OBJC_ARC = YES;
				CLANG_WARN_BOOL_CONVERSION = YES;
				CLANG_WARN_CONSTANT_CONVERSION = YES;
				CLANG_WARN_DIRECT_OBJC_ISA_USAGE = YES_ERROR;
				CLANG_WARN_EMPTY_BODY = YES;
				CLANG_WARN_ENUM_CONVERSION = YES;
				CLANG_WARN_INT_CONVERSION = YES;
				CLANG_WARN_OBJC_ROOT_CLASS = YES_ERROR;
				CLANG_WARN_UNREACHABLE_CODE = YES;
				CLANG_WARN__DUPLICATE_METHOD_MATCH = YES;
				"CODE_SIGN_IDENTITY[sdk=iphoneos*]" = "iPhone Developer";
				COPY_PHASE_STRIP = NO;
				DEBUG_INFORMATION_FORMAT = "dwarf-with-dsym";
				ENABLE_NS_ASSERTIONS = NO;
				ENABLE_STRICT_OBJC_MSGSEND = YES;
				GCC_C_LANGUAGE_STANDARD = gnu99;
				GCC_NO_COMMON_BLOCKS = YES;
				GCC_WARN_64_TO_32_BIT_CONVERSION = YES;
				GCC_WARN_ABOUT_RETURN_TYPE = YES_ERROR;
				GCC_WARN_UNDECLARED_SELECTOR = YES;
				GCC_WARN_UNINITIALIZED_AUTOS = YES_AGGRESSIVE;
				GCC_WARN_UNUSED_FUNCTION = YES;
				GCC_WARN_UNUSED_VARIABLE = YES;
				IPHONEOS_DEPLOYMENT_TARGET = 9.2;
				MTL_ENABLE_DEBUG_INFO = NO;
				SDKROOT = iphoneos;
				TARGETED_DEVICE_FAMILY = "1,2";
				VALIDATE_PRODUCT = YES;
			};
			name = Release;
		};
		18F494F91C641A0900F42A9D /* Debug */ = {
			isa = XCBuildConfiguration;
			buildSettings = {
				ASSETCATALOG_COMPILER_APPICON_NAME = AppIcon;
				INFOPLIST_FILE = "Scavenger Hunt/Info.plist";
				LD_RUNPATH_SEARCH_PATHS = "$(inherited) @executable_path/Frameworks";
				PRODUCT_BUNDLE_IDENTIFIER = "com.example.Scavenger-Hunt";
				PRODUCT_NAME = "$(TARGET_NAME)";
			};
			name = Debug;
		};
		18F494FA1C641A0900F42A9D /* Release */ = {
			isa = XCBuildConfiguration;
			buildSettings = {
				ASSETCATALOG_COMPILER_APPICON_NAME = AppIcon;
				INFOPLIST_FILE = "Scavenger Hunt/Info.plist";
				LD_RUNPATH_SEARCH_PATHS = "$(inherited) @executable_path/Frameworks";
				PRODUCT_BUNDLE_IDENTIFIER = "com.example.Scavenger-Hunt";
				PRODUCT_NAME = "$(TARGET_NAME)";
			};
			name = Release;
		};
		18F494FC1C641A0900F42A9D /* Debug */ = {
			isa = XCBuildConfiguration;
			buildSettings = {
				BUNDLE_LOADER = "$(TEST_HOST)";
				INFOPLIST_FILE = "Scavenger HuntTests/Info.plist";
				LD_RUNPATH_SEARCH_PATHS = "$(inherited) @executable_path/Frameworks @loader_path/Frameworks";
				PRODUCT_BUNDLE_IDENTIFIER = "com.example.Scavenger-HuntTests";
				PRODUCT_NAME = "$(TARGET_NAME)";
				TEST_HOST = "$(BUILT_PRODUCTS_DIR)/Scavenger Hunt.app/Scavenger Hunt";
			};
			name = Debug;
		};
		18F494FD1C641A0900F42A9D /* Release */ = {
			isa = XCBuildConfiguration;
			buildSettings = {
				BUNDLE_LOADER = "$(TEST_HOST)";
				INFOPLIST_FILE = "Scavenger HuntTests/Info.plist";
				LD_RUNPATH_SEARCH_PATHS = "$(inherited) @executable_path/Frameworks @loader_path/Frameworks";
				PRODUCT_BUNDLE_IDENTIFIER = "com.example.Scavenger-HuntTests";
				PRODUCT_NAME = "$(TARGET_NAME)";
				TEST_HOST = "$(BUILT_PRODUCTS_DIR)/Scavenger Hunt.app/Scavenger Hunt";
			};
			name = Release;
		};
		18F494FF1C641A0900F42A9D /* Debug */ = {
			isa = XCBuildConfiguration;
			buildSettings = {
				INFOPLIST_FILE = "Scavenger HuntUITests/Info.plist";
				LD_RUNPATH_SEARCH_PATHS = "$(inherited) @executable_path/Frameworks @loader_path/Frameworks";
				PRODUCT_BUNDLE_IDENTIFIER = "com.example.Scavenger-HuntUITests";
				PRODUCT_NAME = "$(TARGET_NAME)";
				TEST_TARGET_NAME = "Scavenger Hunt";
				USES_XCTRUNNER = YES;
			};
			name = Debug;
		};
		18F495001C641A0900F42A9D /* Release */ = {
			isa = XCBuildConfiguration;
			buildSettings = {
				INFOPLIST_FILE = "Scavenger HuntUITests/Info.plist";
				LD_RUNPATH_SEARCH_PATHS = "$(inherited) @executable_path/Frameworks @loader_path/Frameworks";
				PRODUCT_BUNDLE_IDENTIFIER = "com.example.Scavenger-HuntUITests";
				PRODUCT_NAME = "$(TARGET_NAME)";
				TEST_TARGET_NAME = "Scavenger Hunt";
				USES_XCTRUNNER = YES;
			};
			name = Release;
		};
/* End XCBuildConfiguration section */

/* Begin XCConfigurationList section */
		18F494CB1C641A0800F42A9D /* Build configuration list for PBXProject "Scavenger Hunt" */ = {
			isa = XCConfigurationList;
			buildConfigurations = (
				18F494F61C641A0900F42A9D /* Debug */,
				18F494F71C641A0900F42A9D /* Release */,
			);
			defaultConfigurationIsVisible = 0;
			defaultConfigurationName = Release;
		};
		18F494F81C641A0900F42A9D /* Build configuration list for PBXNativeTarget "Scavenger Hunt" */ = {
			isa = XCConfigurationList;
			buildConfigurations = (
				18F494F91C641A0900F42A9D /* Debug */,
				18F494FA1C641A0900F42A9D /* Release */,
			);
			defaultConfigurationIsVisible = 0;
		};
		18F494FB1C641A0900F42A9D /* Build configuration list for PBXNativeTarget "Scavenger HuntTests" */ = {
			isa = XCConfigurationList;
			buildConfigurations = (
				18F494FC1C641A0900F42A9D /* Debug */,
				18F494FD1C641A0900F42A9D /* Release */,
			);
			defaultConfigurationIsVisible = 0;
		};
		18F494FE1C641A0900F42A9D /* Build configuration list for PBXNativeTarget "Scavenger HuntUITests" */ = {
			isa = XCConfigurationList;
			buildConfigurations = (
				18F494FF1C641A0900F42A9D /* Debug */,
				18F495001C641A0900F42A9D /* Release */,
			);
			defaultConfigurationIsVisible = 0;
		};
/* End XCConfigurationList section */
	};
	rootObject = 18F494C81C641A0800F42A9D /* Project object */;
}
